{
  "nodes": {
    "makes": {
      "flake": false,
      "locked": {
        "lastModified": 1631982377,
        "narHash": "sha256-tNwIdGliVFFHziRx2WoWdDzZFGjJS/GOSIoKbcSKEyQ=",
        "owner": "fluidattacks",
        "repo": "makes",
        "rev": "e668884ae7585565c46763478ddcf0c8eb915997",
        "type": "github"
      },
      "original": {
        "owner": "fluidattacks",
        "repo": "makes",
        "type": "github"
      }
    },
    "nixpkgs": {
      "locked": {
        "lastModified": 1631987677,
        "narHash": "sha256-HBTzO31SHvREfym8Dab2AdJJMvU/nEtuPbiL8OIbL2E=",
        "owner": "nixos",
        "repo": "nixpkgs",
        "rev": "8cc054594a484759dc9a63b3748e1d80f02758bb",
        "type": "github"
      },
      "original": {
        "owner": "nixos",
        "repo": "nixpkgs",
        "type": "github"
      }
    },
    "root": {
      "inputs": {
        "makes": "makes",
        "nixpkgs": "nixpkgs"
      }
    }
  },
  "root": "root",
  "version": 7
}
