{
  "nodes": {
    "makes": {
      "flake": false,
      "locked": {
        "lastModified": 1631404966,
        "narHash": "sha256-rNjJ97VV9hadheBI6U2beKK79FAwPNbzribXbt0BNl8=",
        "owner": "fluidattacks",
        "repo": "makes",
        "rev": "9eef8b09b197e73eeeee211ce68546eda457e234",
        "type": "github"
      },
      "original": {
        "owner": "fluidattacks",
        "repo": "makes",
        "type": "github"
      }
    },
    "nixpkgs": {
      "locked": {
        "lastModified": 1631401559,
        "narHash": "sha256-gWKEWrmhbOnC9hbYtb7nyWDMtICKnVtkgECOv3zJDdE=",
        "owner": "nixos",
        "repo": "nixpkgs",
        "rev": "6bbea21500a434747aa87d50f5a9323736f84392",
        "type": "github"
      },
      "original": {
        "owner": "nixos",
        "repo": "nixpkgs",
        "type": "github"
      }
    },
    "root": {
      "inputs": {
        "makes": "makes",
        "nixpkgs": "nixpkgs"
      }
    }
  },
  "root": "root",
  "version": 7
}
