{
  "nodes": {
    "makes": {
      "inputs": {
        "nixpkgs": "nixpkgs"
      },
      "locked": {
        "lastModified": 1633645907,
        "narHash": "sha256-bKB6dVxZb2yEeEDWGAQRw85HLUpESdwzOFAsG8AY+8I=",
        "owner": "fluidattacks",
        "repo": "makes",
        "rev": "7ca1823f1841714031b3a4c02a6972c7c875d1cf",
        "type": "github"
      },
      "original": {
        "owner": "fluidattacks",
        "repo": "makes",
        "type": "github"
      }
    },
    "nixpkgs": {
      "locked": {
        "lastModified": 1631904605,
        "narHash": "sha256-+EButmvDYPSK1EOkiBndJHmAgfEXFrqQTkzA/amSGRE=",
        "owner": "nixos",
        "repo": "nixpkgs",
        "rev": "cb5ca6505b964bc76aaa866634e4b8ad12da7792",
        "type": "github"
      },
      "original": {
        "owner": "nixos",
        "repo": "nixpkgs",
        "type": "github"
      }
    },
    "nixpkgs_2": {
      "locked": {
        "lastModified": 1634102594,
        "narHash": "sha256-WdwDqJGCUoSR/GHOExH/AnqnmNtktcL7RU4SLazi+fo=",
        "owner": "nixos",
        "repo": "nixpkgs",
        "rev": "307a7c38cc0a76fddc953d144a14c918e2819c1b",
        "type": "github"
      },
      "original": {
        "owner": "nixos",
        "repo": "nixpkgs",
        "type": "github"
      }
    },
    "root": {
      "inputs": {
        "makes": "makes",
        "nixpkgs": "nixpkgs_2"
      }
    }
  },
  "root": "root",
  "version": 7
}
