{
  "nodes": {
    "makes": {
      "flake": false,
      "locked": {
        "lastModified": 1631404966,
        "narHash": "sha256-rNjJ97VV9hadheBI6U2beKK79FAwPNbzribXbt0BNl8=",
        "owner": "fluidattacks",
        "repo": "makes",
        "rev": "9eef8b09b197e73eeeee211ce68546eda457e234",
        "type": "github"
      },
      "original": {
        "owner": "fluidattacks",
        "repo": "makes",
        "type": "github"
      }
    },
    "nixpkgs": {
      "locked": {
        "lastModified": 1631401559,
        "narHash": "sha256-gWKEWrmhbOnC9hbYtb7nyWDMtICKnVtkgECOv3zJDdE=",
        "owner": "nixos",
        "repo": "nixpkgs",
        "rev": "6bbea21500a434747aa87d50f5a9323736f84392",
        "type": "github"
      },
      "original": {
        "owner": "nixos",
        "repo": "nixpkgs",
        "type": "github"
      }
    },
    "nixpkgsPython": {
      "inputs": {
        "makes": "makes",
        "nixpkgs": "nixpkgs_2"
      },
      "locked": {
        "lastModified": 1631406789,
        "narHash": "sha256-uVknU5qI7whVspa68BLI3ygWrRRxlqOilpKByAH2acw=",
        "owner": "kamadorueda",
        "repo": "nixpkgs-python",
        "rev": "758e145745c4a48c2267a438e21c1887e654dd93",
        "type": "github"
      },
      "original": {
        "owner": "kamadorueda",
        "repo": "nixpkgs-python",
        "type": "github"
      }
    },
    "nixpkgs_2": {
      "locked": {
        "lastModified": 1631401559,
        "narHash": "sha256-gWKEWrmhbOnC9hbYtb7nyWDMtICKnVtkgECOv3zJDdE=",
        "owner": "nixos",
        "repo": "nixpkgs",
        "rev": "6bbea21500a434747aa87d50f5a9323736f84392",
        "type": "github"
      },
      "original": {
        "owner": "nixos",
        "repo": "nixpkgs",
        "type": "github"
      }
    },
    "root": {
      "inputs": {
        "nixpkgs": "nixpkgs",
        "nixpkgsPython": "nixpkgsPython"
      }
    }
  },
  "root": "root",
  "version": 7
}
